
Microsoft Visual Studio Solution File, Format Version 12.00
# Visual Studio Version 16
VisualStudioVersion = 16.0.29613.14
MinimumVisualStudioVersion = 10.0.40219.1
Project("{888888A0-9F3D-457C-B088-3A5042F75D52}") = "NetEase-Song", "NetEase-Song.pyproj", "{251D6829-4D0C-42C0-AD8B-E8A6C4A2AF97}"
EndProject
Global
	GlobalSection(SolutionConfigurationPlatforms) = preSolution
		Debug|Any CPU = Debug|Any CPU
		Release|Any CPU = Release|Any CPU
	EndGlobalSection
	GlobalSection(ProjectConfigurationPlatforms) = postSolution
		{251D6829-4D0C-42C0-AD8B-E8A6C4A2AF97}.Debug|Any CPU.ActiveCfg = Debug|Any CPU
		{251D6829-4D0C-42C0-AD8B-E8A6C4A2AF97}.Release|Any CPU.ActiveCfg = Release|Any CPU
	EndGlobalSection
	GlobalSection(SolutionProperties) = preSolution
		HideSolutionNode = FALSE
	EndGlobalSection
	GlobalSection(ExtensibilityGlobals) = postSolution
		SolutionGuid = {BF06496C-8681-476A-A576-C137F8303136}
	EndGlobalSection
EndGlobal
